
Microsoft Visual Studio Solution File, Format Version 12.00
# Visual Studio 14
VisualStudioVersion = 14.0.25123.0
MinimumVisualStudioVersion = 10.0.40219.1
Project("{FAE04EC0-301F-11D3-BF4B-00C04F79EFBC}") = "WebApplication1", "WebApplication1\WebApplication1.csproj", "{11FA0DE8-DFE5-416E-BF83-98B28024B205}"
EndProject
Project("{FAE04EC0-301F-11D3-BF4B-00C04F79EFBC}") = "WebApplication1.Tests", "WebApplication1.Tests\WebApplication1.Tests.csproj", "{354E645E-48F3-47A4-845E-C56F508F2DB8}"
EndProject
Global
	GlobalSection(SolutionConfigurationPlatforms) = preSolution
		Debug|Any CPU = Debug|Any CPU
		Release|Any CPU = Release|Any CPU
	EndGlobalSection
	GlobalSection(ProjectConfigurationPlatforms) = postSolution
		{11FA0DE8-DFE5-416E-BF83-98B28024B205}.Debug|Any CPU.ActiveCfg = Debug|Any CPU
		{11FA0DE8-DFE5-416E-BF83-98B28024B205}.Debug|Any CPU.Build.0 = Debug|Any CPU
		{11FA0DE8-DFE5-416E-BF83-98B28024B205}.Release|Any CPU.ActiveCfg = Release|Any CPU
		{11FA0DE8-DFE5-416E-BF83-98B28024B205}.Release|Any CPU.Build.0 = Release|Any CPU
		{354E645E-48F3-47A4-845E-C56F508F2DB8}.Debug|Any CPU.ActiveCfg = Debug|Any CPU
		{354E645E-48F3-47A4-845E-C56F508F2DB8}.Debug|Any CPU.Build.0 = Debug|Any CPU
		{354E645E-48F3-47A4-845E-C56F508F2DB8}.Release|Any CPU.ActiveCfg = Release|Any CPU
		{354E645E-48F3-47A4-845E-C56F508F2DB8}.Release|Any CPU.Build.0 = Release|Any CPU
	EndGlobalSection
	GlobalSection(SolutionProperties) = preSolution
		HideSolutionNode = FALSE
	EndGlobalSection
EndGlobal
